
Microsoft Visual Studio Solution File, Format Version 12.00
# Visual Studio Version 17
VisualStudioVersion = 17.4.33122.133
MinimumVisualStudioVersion = 10.0.40219.1
Project("{FAE04EC0-301F-11D3-BF4B-00C04F79EFBC}") = "DbApp2", "DbApp2\DbApp2.csproj", "{C27C6231-F670-4DB1-A200-16F0B382C604}"
EndProject
Global
	GlobalSection(SolutionConfigurationPlatforms) = preSolution
		Debug|Any CPU = Debug|Any CPU
		Release|Any CPU = Release|Any CPU
	EndGlobalSection
	GlobalSection(ProjectConfigurationPlatforms) = postSolution
		{C27C6231-F670-4DB1-A200-16F0B382C604}.Debug|Any CPU.ActiveCfg = Debug|Any CPU
		{C27C6231-F670-4DB1-A200-16F0B382C604}.Debug|Any CPU.Build.0 = Debug|Any CPU
		{C27C6231-F670-4DB1-A200-16F0B382C604}.Release|Any CPU.ActiveCfg = Release|Any CPU
		{C27C6231-F670-4DB1-A200-16F0B382C604}.Release|Any CPU.Build.0 = Release|Any CPU
	EndGlobalSection
	GlobalSection(SolutionProperties) = preSolution
		HideSolutionNode = FALSE
	EndGlobalSection
	GlobalSection(ExtensibilityGlobals) = postSolution
		SolutionGuid = {252B0FAC-A8F2-4CDE-8D1A-1156D2D2FC3C}
	EndGlobalSection
EndGlobal
